
Microsoft Visual Studio Solution File, Format Version 12.00
# Visual Studio Version 17
VisualStudioVersion = 17.1.32210.238
MinimumVisualStudioVersion = 10.0.40219.1
Project("{FAE04EC0-301F-11D3-BF4B-00C04F79EFBC}") = "VPJ_cv8", "VPJ_cv8\VPJ_cv8.csproj", "{FACF5C9F-06DA-4AED-8F0D-062512FB7739}"
EndProject
Global
	GlobalSection(SolutionConfigurationPlatforms) = preSolution
		Debug|Any CPU = Debug|Any CPU
		Release|Any CPU = Release|Any CPU
	EndGlobalSection
	GlobalSection(ProjectConfigurationPlatforms) = postSolution
		{FACF5C9F-06DA-4AED-8F0D-062512FB7739}.Debug|Any CPU.ActiveCfg = Debug|Any CPU
		{FACF5C9F-06DA-4AED-8F0D-062512FB7739}.Debug|Any CPU.Build.0 = Debug|Any CPU
		{FACF5C9F-06DA-4AED-8F0D-062512FB7739}.Release|Any CPU.ActiveCfg = Release|Any CPU
		{FACF5C9F-06DA-4AED-8F0D-062512FB7739}.Release|Any CPU.Build.0 = Release|Any CPU
	EndGlobalSection
	GlobalSection(SolutionProperties) = preSolution
		HideSolutionNode = FALSE
	EndGlobalSection
	GlobalSection(ExtensibilityGlobals) = postSolution
		SolutionGuid = {EC37D210-9191-4C4D-A638-C1C9CC03EA6F}
	EndGlobalSection
EndGlobal
